{
  "version": 4,
  "terraform_version": "1.14.6",
  "serial": 147,
  "lineage": "8098a15b-1a90-23fa-4115-8b31d1631ea4",
  "outputs": {},
  "resources": [
    {
      "mode": "managed",
      "type": "azurerm_linux_virtual_machine",
      "name": "lnx_vm1_AK1",
      "provider": "provider[\"registry.terraform.io/hashicorp/azurerm\"]",
      "instances": [
        {
          "schema_version": 0,
          "attributes": {
            "additional_capabilities": [],
            "admin_password": "Admin123",
            "admin_ssh_key": [
              {
                "public_key": "ssh-ed25519 AAAAC3NzaC1lZDI1NTE5AAAAIJioTtnkFBqyhkhNXl7utoDDj6mQ0Yt6JZyiGu88wC/W key-VM1\r\n",
                "username": "adminuser"
              }
            ],
            "admin_username": "adminuser",
            "allow_extension_operations": true,
            "availability_set_id": "",
            "boot_diagnostics": [],
            "bypass_platform_safety_checks_on_user_schedule_enabled": false,
            "capacity_reservation_group_id": "",
            "computer_name": "LNX-VM1",
            "custom_data": null,
            "dedicated_host_group_id": "",
            "dedicated_host_id": "",
            "disable_password_authentication": false,
            "disk_controller_type": "SCSI",
            "edge_zone": "",
            "encryption_at_host_enabled": false,
            "eviction_policy": "",
            "extensions_time_budget": "PT1H30M",
            "gallery_application": [],
            "id": "/subscriptions/340ce909-e132-4535-abbd-21f5b5f772da/resourceGroups/AK1_ressursgruppe/providers/Microsoft.Compute/virtualMachines/LNX-VM1",
            "identity": [],
            "license_type": "",
            "location": "norwayeast",
            "max_bid_price": -1,
            "name": "LNX-VM1",
            "network_interface_ids": [
              "/subscriptions/340ce909-e132-4535-abbd-21f5b5f772da/resourceGroups/AK1_ressursgruppe/providers/Microsoft.Network/networkInterfaces/VM1_nic1"
            ],
            "os_disk": [
              {
                "caching": "ReadWrite",
                "diff_disk_settings": [],
                "disk_encryption_set_id": "",
                "disk_size_gb": 30,
                "id": "/subscriptions/340ce909-e132-4535-abbd-21f5b5f772da/resourceGroups/AK1_ressursgruppe/providers/Microsoft.Compute/disks/LNX-VM1_OsDisk_1_846abc09309d42ca983a94f306a57193",
                "name": "LNX-VM1_OsDisk_1_846abc09309d42ca983a94f306a57193",
                "secure_vm_disk_encryption_set_id": "",
                "security_encryption_type": "",
                "storage_account_type": "Standard_LRS",
                "write_accelerator_enabled": false
              }
            ],
            "os_image_notification": [],
            "os_managed_disk_id": "/subscriptions/340ce909-e132-4535-abbd-21f5b5f772da/resourceGroups/AK1_ressursgruppe/providers/Microsoft.Compute/disks/LNX-VM1_OsDisk_1_846abc09309d42ca983a94f306a57193",
            "patch_assessment_mode": "ImageDefault",
            "patch_mode": "ImageDefault",
            "plan": [],
            "platform_fault_domain": -1,
            "priority": "Regular",
            "private_ip_address": "172.16.1.4",
            "private_ip_addresses": [
              "172.16.1.4"
            ],
            "provision_vm_agent": true,
            "proximity_placement_group_id": "",
            "public_ip_address": "20.251.34.133",
            "public_ip_addresses": [
              "20.251.34.133"
            ],
            "reboot_setting": "",
            "resource_group_name": "AK1_ressursgruppe",
            "secret": [],
            "secure_boot_enabled": false,
            "size": "Standard_B2ats_v2",
            "source_image_id": "",
            "source_image_reference": [
              {
                "offer": "ubuntu-24_04-lts",
                "publisher": "Canonical",
                "sku": "server",
                "version": "latest"
              }
            ],
            "tags": null,
            "termination_notification": null,
            "timeouts": null,
            "user_data": "",
            "virtual_machine_id": "d6d1c770-7f2a-42cd-a2db-e133bef419f8",
            "virtual_machine_scale_set_id": "",
            "vm_agent_platform_updates_enabled": false,
            "vtpm_enabled": false,
            "zone": ""
          },
          "sensitive_attributes": [
            [
              {
                "type": "get_attr",
                "value": "admin_password"
              }
            ],
            [
              {
                "type": "get_attr",
                "value": "custom_data"
              }
            ]
          ],
          "identity_schema_version": 0,
          "private": "eyJlMmJmYjczMC1lY2FhLTExZTYtOGY4OC0zNDM2M2JjN2M0YzAiOnsiY3JlYXRlIjoyNzAwMDAwMDAwMDAwLCJkZWxldGUiOjI3MDAwMDAwMDAwMDAsInJlYWQiOjMwMDAwMDAwMDAwMCwidXBkYXRlIjoyNzAwMDAwMDAwMDAwfX0=",
          "dependencies": [
            "azurerm_network_interface.nic1_AK1",
            "azurerm_public_ip.pub_ip1_AK1",
            "azurerm_resource_group.res_group_AK1",
            "azurerm_subnet.subnet1_AK1",
            "azurerm_virtual_network.vnet_AK1"
          ]
        }
      ]
    },
    {
      "mode": "managed",
      "type": "azurerm_linux_virtual_machine",
      "name": "lnx_vm2_AK1",
      "provider": "provider[\"registry.terraform.io/hashicorp/azurerm\"]",
      "instances": [
        {
          "schema_version": 0,
          "attributes": {
            "additional_capabilities": [],
            "admin_password": "Admin123",
            "admin_ssh_key": [],
            "admin_username": "adminuser",
            "allow_extension_operations": true,
            "availability_set_id": "",
            "boot_diagnostics": [],
            "bypass_platform_safety_checks_on_user_schedule_enabled": false,
            "capacity_reservation_group_id": "",
            "computer_name": "LNX-VM2",
            "custom_data": null,
            "dedicated_host_group_id": "",
            "dedicated_host_id": "",
            "disable_password_authentication": false,
            "disk_controller_type": "SCSI",
            "edge_zone": "",
            "encryption_at_host_enabled": false,
            "eviction_policy": "",
            "extensions_time_budget": "PT1H30M",
            "gallery_application": [],
            "id": "/subscriptions/340ce909-e132-4535-abbd-21f5b5f772da/resourceGroups/AK1_ressursgruppe/providers/Microsoft.Compute/virtualMachines/LNX-VM2",
            "identity": [],
            "license_type": "",
            "location": "norwayeast",
            "max_bid_price": -1,
            "name": "LNX-VM2",
            "network_interface_ids": [
              "/subscriptions/340ce909-e132-4535-abbd-21f5b5f772da/resourceGroups/AK1_ressursgruppe/providers/Microsoft.Network/networkInterfaces/VM2_nic2"
            ],
            "os_disk": [
              {
                "caching": "ReadWrite",
                "diff_disk_settings": [],
                "disk_encryption_set_id": "",
                "disk_size_gb": 30,
                "id": "/subscriptions/340ce909-e132-4535-abbd-21f5b5f772da/resourceGroups/AK1_ressursgruppe/providers/Microsoft.Compute/disks/LNX-VM2_OsDisk_1_c7b472504e824e5a9782c73e0b6601ec",
                "name": "LNX-VM2_OsDisk_1_c7b472504e824e5a9782c73e0b6601ec",
                "secure_vm_disk_encryption_set_id": "",
                "security_encryption_type": "",
                "storage_account_type": "Standard_LRS",
                "write_accelerator_enabled": false
              }
            ],
            "os_image_notification": [],
            "os_managed_disk_id": "/subscriptions/340ce909-e132-4535-abbd-21f5b5f772da/resourceGroups/AK1_ressursgruppe/providers/Microsoft.Compute/disks/LNX-VM2_OsDisk_1_c7b472504e824e5a9782c73e0b6601ec",
            "patch_assessment_mode": "ImageDefault",
            "patch_mode": "ImageDefault",
            "plan": [],
            "platform_fault_domain": -1,
            "priority": "Regular",
            "private_ip_address": "172.16.2.4",
            "private_ip_addresses": [
              "172.16.2.4"
            ],
            "provision_vm_agent": true,
            "proximity_placement_group_id": "",
            "public_ip_address": "",
            "public_ip_addresses": [],
            "reboot_setting": "",
            "resource_group_name": "AK1_ressursgruppe",
            "secret": [],
            "secure_boot_enabled": false,
            "size": "Standard_B2ats_v2",
            "source_image_id": "",
            "source_image_reference": [
              {
                "offer": "ubuntu-24_04-lts",
                "publisher": "Canonical",
                "sku": "server",
                "version": "latest"
              }
            ],
            "tags": {},
            "termination_notification": [],
            "timeouts": null,
            "user_data": "",
            "virtual_machine_id": "a138cfa5-ce1d-433b-9af2-c855098945c7",
            "virtual_machine_scale_set_id": "",
            "vm_agent_platform_updates_enabled": false,
            "vtpm_enabled": false,
            "zone": ""
          },
          "sensitive_attributes": [
            [
              {
                "type": "get_attr",
                "value": "admin_password"
              }
            ],
            [
              {
                "type": "get_attr",
                "value": "custom_data"
              }
            ]
          ],
          "identity_schema_version": 0,
          "private": "eyJlMmJmYjczMC1lY2FhLTExZTYtOGY4OC0zNDM2M2JjN2M0YzAiOnsiY3JlYXRlIjoyNzAwMDAwMDAwMDAwLCJkZWxldGUiOjI3MDAwMDAwMDAwMDAsInJlYWQiOjMwMDAwMDAwMDAwMCwidXBkYXRlIjoyNzAwMDAwMDAwMDAwfX0=",
          "dependencies": [
            "azurerm_network_interface.nic2_AK1",
            "azurerm_resource_group.res_group_AK1",
            "azurerm_subnet.subnet2_AK1",
            "azurerm_virtual_network.vnet_AK1"
          ]
        }
      ]
    },
    {
      "mode": "managed",
      "type": "azurerm_network_interface",
      "name": "nic1_AK1",
      "provider": "provider[\"registry.terraform.io/hashicorp/azurerm\"]",
      "instances": [
        {
          "schema_version": 0,
          "attributes": {
            "accelerated_networking_enabled": false,
            "applied_dns_servers": [],
            "auxiliary_mode": "",
            "auxiliary_sku": "",
            "dns_servers": [],
            "edge_zone": "",
            "id": "/subscriptions/340ce909-e132-4535-abbd-21f5b5f772da/resourceGroups/AK1_ressursgruppe/providers/Microsoft.Network/networkInterfaces/VM1_nic1",
            "internal_dns_name_label": "",
            "internal_domain_name_suffix": "hgup40bogfbexnh2tzcl5yvjhc.oslx.internal.cloudapp.net",
            "ip_configuration": [
              {
                "gateway_load_balancer_frontend_ip_configuration_id": "",
                "name": "VM1_nic1_conf",
                "primary": true,
                "private_ip_address": "172.16.1.4",
                "private_ip_address_allocation": "Static",
                "private_ip_address_version": "IPv4",
                "public_ip_address_id": "/subscriptions/340ce909-e132-4535-abbd-21f5b5f772da/resourceGroups/AK1_ressursgruppe/providers/Microsoft.Network/publicIPAddresses/pubIP1",
                "subnet_id": "/subscriptions/340ce909-e132-4535-abbd-21f5b5f772da/resourceGroups/AK1_ressursgruppe/providers/Microsoft.Network/virtualNetworks/AK1_net/subnets/subnet1"
              }
            ],
            "ip_forwarding_enabled": false,
            "location": "norwayeast",
            "mac_address": "7C-ED-8D-F2-F2-02",
            "name": "VM1_nic1",
            "private_ip_address": "172.16.1.4",
            "private_ip_addresses": [
              "172.16.1.4"
            ],
            "resource_group_name": "AK1_ressursgruppe",
            "tags": {},
            "timeouts": null,
            "virtual_machine_id": "/subscriptions/340ce909-e132-4535-abbd-21f5b5f772da/resourceGroups/AK1_ressursgruppe/providers/Microsoft.Compute/virtualMachines/LNX-VM1"
          },
          "sensitive_attributes": [],
          "identity_schema_version": 0,
          "identity": {
            "name": "VM1_nic1",
            "resource_group_name": "AK1_ressursgruppe",
            "subscription_id": "340ce909-e132-4535-abbd-21f5b5f772da"
          },
          "private": "eyJlMmJmYjczMC1lY2FhLTExZTYtOGY4OC0zNDM2M2JjN2M0YzAiOnsiY3JlYXRlIjoxODAwMDAwMDAwMDAwLCJkZWxldGUiOjE4MDAwMDAwMDAwMDAsInJlYWQiOjMwMDAwMDAwMDAwMCwidXBkYXRlIjoxODAwMDAwMDAwMDAwfX0=",
          "dependencies": [
            "azurerm_public_ip.pub_ip1_AK1",
            "azurerm_resource_group.res_group_AK1",
            "azurerm_subnet.subnet1_AK1",
            "azurerm_virtual_network.vnet_AK1"
          ]
        }
      ]
    },
    {
      "mode": "managed",
      "type": "azurerm_network_interface",
      "name": "nic2_AK1",
      "provider": "provider[\"registry.terraform.io/hashicorp/azurerm\"]",
      "instances": [
        {
          "schema_version": 0,
          "attributes": {
            "accelerated_networking_enabled": false,
            "applied_dns_servers": [],
            "auxiliary_mode": "",
            "auxiliary_sku": "",
            "dns_servers": [],
            "edge_zone": "",
            "id": "/subscriptions/340ce909-e132-4535-abbd-21f5b5f772da/resourceGroups/AK1_ressursgruppe/providers/Microsoft.Network/networkInterfaces/VM2_nic2",
            "internal_dns_name_label": "",
            "internal_domain_name_suffix": "hgup40bogfbexnh2tzcl5yvjhc.oslx.internal.cloudapp.net",
            "ip_configuration": [
              {
                "gateway_load_balancer_frontend_ip_configuration_id": "",
                "name": "VM2_nic2_conf",
                "primary": true,
                "private_ip_address": "172.16.2.4",
                "private_ip_address_allocation": "Static",
                "private_ip_address_version": "IPv4",
                "public_ip_address_id": "",
                "subnet_id": "/subscriptions/340ce909-e132-4535-abbd-21f5b5f772da/resourceGroups/AK1_ressursgruppe/providers/Microsoft.Network/virtualNetworks/AK1_net/subnets/subnet2"
              }
            ],
            "ip_forwarding_enabled": false,
            "location": "norwayeast",
            "mac_address": "00-0D-3A-87-94-41",
            "name": "VM2_nic2",
            "private_ip_address": "172.16.2.4",
            "private_ip_addresses": [
              "172.16.2.4"
            ],
            "resource_group_name": "AK1_ressursgruppe",
            "tags": {},
            "timeouts": null,
            "virtual_machine_id": "/subscriptions/340ce909-e132-4535-abbd-21f5b5f772da/resourceGroups/AK1_ressursgruppe/providers/Microsoft.Compute/virtualMachines/LNX-VM2"
          },
          "sensitive_attributes": [],
          "identity_schema_version": 0,
          "identity": {
            "name": "VM2_nic2",
            "resource_group_name": "AK1_ressursgruppe",
            "subscription_id": "340ce909-e132-4535-abbd-21f5b5f772da"
          },
          "private": "eyJlMmJmYjczMC1lY2FhLTExZTYtOGY4OC0zNDM2M2JjN2M0YzAiOnsiY3JlYXRlIjoxODAwMDAwMDAwMDAwLCJkZWxldGUiOjE4MDAwMDAwMDAwMDAsInJlYWQiOjMwMDAwMDAwMDAwMCwidXBkYXRlIjoxODAwMDAwMDAwMDAwfX0=",
          "dependencies": [
            "azurerm_resource_group.res_group_AK1",
            "azurerm_subnet.subnet2_AK1",
            "azurerm_virtual_network.vnet_AK1"
          ]
        }
      ]
    },
    {
      "mode": "managed",
      "type": "azurerm_network_security_group",
      "name": "net_sg1_AK1",
      "provider": "provider[\"registry.terraform.io/hashicorp/azurerm\"]",
      "instances": [
        {
          "schema_version": 0,
          "attributes": {
            "id": "/subscriptions/340ce909-e132-4535-abbd-21f5b5f772da/resourceGroups/AK1_ressursgruppe/providers/Microsoft.Network/networkSecurityGroups/netSG_VM1",
            "location": "norwayeast",
            "name": "netSG_VM1",
            "resource_group_name": "AK1_ressursgruppe",
            "security_rule": [
              {
                "access": "Allow",
                "description": "",
                "destination_address_prefix": "*",
                "destination_address_prefixes": [],
                "destination_application_security_group_ids": [],
                "destination_port_range": "22",
                "destination_port_ranges": [],
                "direction": "Inbound",
                "name": "AllowSSH",
                "priority": 100,
                "protocol": "Tcp",
                "source_address_prefix": "*",
                "source_address_prefixes": [],
                "source_application_security_group_ids": [],
                "source_port_range": "*",
                "source_port_ranges": []
              }
            ],
            "tags": {},
            "timeouts": null
          },
          "sensitive_attributes": [],
          "identity_schema_version": 0,
          "identity": {
            "name": "netSG_VM1",
            "resource_group_name": "AK1_ressursgruppe",
            "subscription_id": "340ce909-e132-4535-abbd-21f5b5f772da"
          },
          "private": "eyJlMmJmYjczMC1lY2FhLTExZTYtOGY4OC0zNDM2M2JjN2M0YzAiOnsiY3JlYXRlIjoxODAwMDAwMDAwMDAwLCJkZWxldGUiOjE4MDAwMDAwMDAwMDAsInJlYWQiOjMwMDAwMDAwMDAwMCwidXBkYXRlIjoxODAwMDAwMDAwMDAwfX0=",
          "dependencies": [
            "azurerm_resource_group.res_group_AK1"
          ]
        }
      ]
    },
    {
      "mode": "managed",
      "type": "azurerm_network_security_group",
      "name": "net_sg2_AK1",
      "provider": "provider[\"registry.terraform.io/hashicorp/azurerm\"]",
      "instances": [
        {
          "schema_version": 0,
          "attributes": {
            "id": "/subscriptions/340ce909-e132-4535-abbd-21f5b5f772da/resourceGroups/AK1_ressursgruppe/providers/Microsoft.Network/networkSecurityGroups/netSG_VM2",
            "location": "norwayeast",
            "name": "netSG_VM2",
            "resource_group_name": "AK1_ressursgruppe",
            "security_rule": [
              {
                "access": "Allow",
                "description": "",
                "destination_address_prefix": "*",
                "destination_address_prefixes": [],
                "destination_application_security_group_ids": [],
                "destination_port_range": "22",
                "destination_port_ranges": [],
                "direction": "Inbound",
                "name": "AllowSSH",
                "priority": 100,
                "protocol": "Tcp",
                "source_address_prefix": "172.16.1.4",
                "source_address_prefixes": [],
                "source_application_security_group_ids": [],
                "source_port_range": "*",
                "source_port_ranges": []
              }
            ],
            "tags": {},
            "timeouts": null
          },
          "sensitive_attributes": [],
          "identity_schema_version": 0,
          "identity": {
            "name": "netSG_VM2",
            "resource_group_name": "AK1_ressursgruppe",
            "subscription_id": "340ce909-e132-4535-abbd-21f5b5f772da"
          },
          "private": "eyJlMmJmYjczMC1lY2FhLTExZTYtOGY4OC0zNDM2M2JjN2M0YzAiOnsiY3JlYXRlIjoxODAwMDAwMDAwMDAwLCJkZWxldGUiOjE4MDAwMDAwMDAwMDAsInJlYWQiOjMwMDAwMDAwMDAwMCwidXBkYXRlIjoxODAwMDAwMDAwMDAwfX0=",
          "dependencies": [
            "azurerm_resource_group.res_group_AK1"
          ]
        }
      ]
    },
    {
      "mode": "managed",
      "type": "azurerm_public_ip",
      "name": "pub_ip1_AK1",
      "provider": "provider[\"registry.terraform.io/hashicorp/azurerm\"]",
      "instances": [
        {
          "schema_version": 0,
          "attributes": {
            "allocation_method": "Static",
            "ddos_protection_mode": "VirtualNetworkInherited",
            "ddos_protection_plan_id": null,
            "domain_name_label": null,
            "domain_name_label_scope": null,
            "edge_zone": "",
            "fqdn": null,
            "id": "/subscriptions/340ce909-e132-4535-abbd-21f5b5f772da/resourceGroups/AK1_ressursgruppe/providers/Microsoft.Network/publicIPAddresses/pubIP1",
            "idle_timeout_in_minutes": 4,
            "ip_address": "20.251.34.133",
            "ip_tags": {},
            "ip_version": "IPv4",
            "location": "norwayeast",
            "name": "pubIP1",
            "public_ip_prefix_id": null,
            "resource_group_name": "AK1_ressursgruppe",
            "reverse_fqdn": null,
            "sku": "Standard",
            "sku_tier": "Regional",
            "tags": {},
            "timeouts": null,
            "zones": []
          },
          "sensitive_attributes": [],
          "identity_schema_version": 0,
          "identity": {
            "name": "pubIP1",
            "resource_group_name": "AK1_ressursgruppe",
            "subscription_id": "340ce909-e132-4535-abbd-21f5b5f772da"
          },
          "private": "eyJlMmJmYjczMC1lY2FhLTExZTYtOGY4OC0zNDM2M2JjN2M0YzAiOnsiY3JlYXRlIjoxODAwMDAwMDAwMDAwLCJkZWxldGUiOjE4MDAwMDAwMDAwMDAsInJlYWQiOjMwMDAwMDAwMDAwMCwidXBkYXRlIjoxODAwMDAwMDAwMDAwfX0=",
          "dependencies": [
            "azurerm_resource_group.res_group_AK1"
          ]
        }
      ]
    },
    {
      "mode": "managed",
      "type": "azurerm_resource_group",
      "name": "res_group_AK1",
      "provider": "provider[\"registry.terraform.io/hashicorp/azurerm\"]",
      "instances": [
        {
          "schema_version": 0,
          "attributes": {
            "id": "/subscriptions/340ce909-e132-4535-abbd-21f5b5f772da/resourceGroups/AK1_ressursgruppe",
            "location": "norwayeast",
            "managed_by": "",
            "name": "AK1_ressursgruppe",
            "tags": {},
            "timeouts": null
          },
          "sensitive_attributes": [],
          "identity_schema_version": 0,
          "identity": {
            "name": "AK1_ressursgruppe",
            "subscription_id": "340ce909-e132-4535-abbd-21f5b5f772da"
          },
          "private": "eyJlMmJmYjczMC1lY2FhLTExZTYtOGY4OC0zNDM2M2JjN2M0YzAiOnsiY3JlYXRlIjo1NDAwMDAwMDAwMDAwLCJkZWxldGUiOjU0MDAwMDAwMDAwMDAsInJlYWQiOjMwMDAwMDAwMDAwMCwidXBkYXRlIjo1NDAwMDAwMDAwMDAwfX0="
        }
      ]
    },
    {
      "mode": "managed",
      "type": "azurerm_subnet",
      "name": "subnet1_AK1",
      "provider": "provider[\"registry.terraform.io/hashicorp/azurerm\"]",
      "instances": [
        {
          "schema_version": 0,
          "attributes": {
            "address_prefixes": [
              "172.16.1.0/24"
            ],
            "default_outbound_access_enabled": true,
            "delegation": [],
            "id": "/subscriptions/340ce909-e132-4535-abbd-21f5b5f772da/resourceGroups/AK1_ressursgruppe/providers/Microsoft.Network/virtualNetworks/AK1_net/subnets/subnet1",
            "ip_address_pool": [],
            "name": "subnet1",
            "private_endpoint_network_policies": "Disabled",
            "private_link_service_network_policies_enabled": true,
            "resource_group_name": "AK1_ressursgruppe",
            "service_endpoint_policy_ids": [],
            "service_endpoints": [],
            "sharing_scope": "",
            "timeouts": null,
            "virtual_network_name": "AK1_net"
          },
          "sensitive_attributes": [],
          "identity_schema_version": 0,
          "identity": {
            "name": "subnet1",
            "resource_group_name": "AK1_ressursgruppe",
            "subscription_id": "340ce909-e132-4535-abbd-21f5b5f772da",
            "virtual_network_name": "AK1_net"
          },
          "private": "eyJlMmJmYjczMC1lY2FhLTExZTYtOGY4OC0zNDM2M2JjN2M0YzAiOnsiY3JlYXRlIjoxODAwMDAwMDAwMDAwLCJkZWxldGUiOjE4MDAwMDAwMDAwMDAsInJlYWQiOjMwMDAwMDAwMDAwMCwidXBkYXRlIjoxODAwMDAwMDAwMDAwfX0=",
          "dependencies": [
            "azurerm_resource_group.res_group_AK1",
            "azurerm_virtual_network.vnet_AK1"
          ]
        }
      ]
    },
    {
      "mode": "managed",
      "type": "azurerm_subnet",
      "name": "subnet2_AK1",
      "provider": "provider[\"registry.terraform.io/hashicorp/azurerm\"]",
      "instances": [
        {
          "schema_version": 0,
          "attributes": {
            "address_prefixes": [
              "172.16.2.0/24"
            ],
            "default_outbound_access_enabled": true,
            "delegation": [],
            "id": "/subscriptions/340ce909-e132-4535-abbd-21f5b5f772da/resourceGroups/AK1_ressursgruppe/providers/Microsoft.Network/virtualNetworks/AK1_net/subnets/subnet2",
            "ip_address_pool": [],
            "name": "subnet2",
            "private_endpoint_network_policies": "Disabled",
            "private_link_service_network_policies_enabled": true,
            "resource_group_name": "AK1_ressursgruppe",
            "service_endpoint_policy_ids": [],
            "service_endpoints": [],
            "sharing_scope": "",
            "timeouts": null,
            "virtual_network_name": "AK1_net"
          },
          "sensitive_attributes": [],
          "identity_schema_version": 0,
          "identity": {
            "name": "subnet2",
            "resource_group_name": "AK1_ressursgruppe",
            "subscription_id": "340ce909-e132-4535-abbd-21f5b5f772da",
            "virtual_network_name": "AK1_net"
          },
          "private": "eyJlMmJmYjczMC1lY2FhLTExZTYtOGY4OC0zNDM2M2JjN2M0YzAiOnsiY3JlYXRlIjoxODAwMDAwMDAwMDAwLCJkZWxldGUiOjE4MDAwMDAwMDAwMDAsInJlYWQiOjMwMDAwMDAwMDAwMCwidXBkYXRlIjoxODAwMDAwMDAwMDAwfX0=",
          "dependencies": [
            "azurerm_resource_group.res_group_AK1",
            "azurerm_virtual_network.vnet_AK1"
          ]
        }
      ]
    },
    {
      "mode": "managed",
      "type": "azurerm_subnet_network_security_group_association",
      "name": "sg1_to_subnet1",
      "provider": "provider[\"registry.terraform.io/hashicorp/azurerm\"]",
      "instances": [
        {
          "schema_version": 0,
          "attributes": {
            "id": "/subscriptions/340ce909-e132-4535-abbd-21f5b5f772da/resourceGroups/AK1_ressursgruppe/providers/Microsoft.Network/virtualNetworks/AK1_net/subnets/subnet1",
            "network_security_group_id": "/subscriptions/340ce909-e132-4535-abbd-21f5b5f772da/resourceGroups/AK1_ressursgruppe/providers/Microsoft.Network/networkSecurityGroups/netSG_VM1",
            "subnet_id": "/subscriptions/340ce909-e132-4535-abbd-21f5b5f772da/resourceGroups/AK1_ressursgruppe/providers/Microsoft.Network/virtualNetworks/AK1_net/subnets/subnet1",
            "timeouts": null
          },
          "sensitive_attributes": [],
          "identity_schema_version": 0,
          "private": "eyJlMmJmYjczMC1lY2FhLTExZTYtOGY4OC0zNDM2M2JjN2M0YzAiOnsiY3JlYXRlIjoxODAwMDAwMDAwMDAwLCJkZWxldGUiOjE4MDAwMDAwMDAwMDAsInJlYWQiOjMwMDAwMDAwMDAwMH19",
          "dependencies": [
            "azurerm_network_security_group.net_sg1_AK1",
            "azurerm_resource_group.res_group_AK1",
            "azurerm_subnet.subnet1_AK1",
            "azurerm_virtual_network.vnet_AK1"
          ]
        }
      ]
    },
    {
      "mode": "managed",
      "type": "azurerm_subnet_network_security_group_association",
      "name": "sg2_to_subnet2",
      "provider": "provider[\"registry.terraform.io/hashicorp/azurerm\"]",
      "instances": [
        {
          "schema_version": 0,
          "attributes": {
            "id": "/subscriptions/340ce909-e132-4535-abbd-21f5b5f772da/resourceGroups/AK1_ressursgruppe/providers/Microsoft.Network/virtualNetworks/AK1_net/subnets/subnet2",
            "network_security_group_id": "/subscriptions/340ce909-e132-4535-abbd-21f5b5f772da/resourceGroups/AK1_ressursgruppe/providers/Microsoft.Network/networkSecurityGroups/netSG_VM2",
            "subnet_id": "/subscriptions/340ce909-e132-4535-abbd-21f5b5f772da/resourceGroups/AK1_ressursgruppe/providers/Microsoft.Network/virtualNetworks/AK1_net/subnets/subnet2",
            "timeouts": null
          },
          "sensitive_attributes": [],
          "identity_schema_version": 0,
          "private": "eyJlMmJmYjczMC1lY2FhLTExZTYtOGY4OC0zNDM2M2JjN2M0YzAiOnsiY3JlYXRlIjoxODAwMDAwMDAwMDAwLCJkZWxldGUiOjE4MDAwMDAwMDAwMDAsInJlYWQiOjMwMDAwMDAwMDAwMH19",
          "dependencies": [
            "azurerm_network_security_group.net_sg2_AK1",
            "azurerm_resource_group.res_group_AK1",
            "azurerm_subnet.subnet2_AK1",
            "azurerm_virtual_network.vnet_AK1"
          ]
        }
      ]
    },
    {
      "mode": "managed",
      "type": "azurerm_virtual_network",
      "name": "vnet_AK1",
      "provider": "provider[\"registry.terraform.io/hashicorp/azurerm\"]",
      "instances": [
        {
          "schema_version": 0,
          "attributes": {
            "address_space": [
              "172.16.0.0/16"
            ],
            "bgp_community": "",
            "ddos_protection_plan": [],
            "dns_servers": [],
            "edge_zone": "",
            "encryption": [],
            "flow_timeout_in_minutes": 0,
            "guid": "68ffa839-312e-4b42-b4fc-9e44bfe2a93a",
            "id": "/subscriptions/340ce909-e132-4535-abbd-21f5b5f772da/resourceGroups/AK1_ressursgruppe/providers/Microsoft.Network/virtualNetworks/AK1_net",
            "ip_address_pool": [],
            "location": "norwayeast",
            "name": "AK1_net",
            "private_endpoint_vnet_policies": "Disabled",
            "resource_group_name": "AK1_ressursgruppe",
            "subnet": [
              {
                "address_prefixes": [
                  "172.16.1.0/24"
                ],
                "default_outbound_access_enabled": true,
                "delegation": [],
                "id": "/subscriptions/340ce909-e132-4535-abbd-21f5b5f772da/resourceGroups/AK1_ressursgruppe/providers/Microsoft.Network/virtualNetworks/AK1_net/subnets/subnet1",
                "name": "subnet1",
                "private_endpoint_network_policies": "Disabled",
                "private_link_service_network_policies_enabled": true,
                "route_table_id": "",
                "security_group": "/subscriptions/340ce909-e132-4535-abbd-21f5b5f772da/resourceGroups/AK1_ressursgruppe/providers/Microsoft.Network/networkSecurityGroups/netSG_VM1",
                "service_endpoint_policy_ids": [],
                "service_endpoints": []
              },
              {
                "address_prefixes": [
                  "172.16.2.0/24"
                ],
                "default_outbound_access_enabled": true,
                "delegation": [],
                "id": "/subscriptions/340ce909-e132-4535-abbd-21f5b5f772da/resourceGroups/AK1_ressursgruppe/providers/Microsoft.Network/virtualNetworks/AK1_net/subnets/subnet2",
                "name": "subnet2",
                "private_endpoint_network_policies": "Disabled",
                "private_link_service_network_policies_enabled": true,
                "route_table_id": "",
                "security_group": "/subscriptions/340ce909-e132-4535-abbd-21f5b5f772da/resourceGroups/AK1_ressursgruppe/providers/Microsoft.Network/networkSecurityGroups/netSG_VM2",
                "service_endpoint_policy_ids": [],
                "service_endpoints": []
              }
            ],
            "tags": {},
            "timeouts": null
          },
          "sensitive_attributes": [],
          "identity_schema_version": 0,
          "identity": {
            "name": "AK1_net",
            "resource_group_name": "AK1_ressursgruppe",
            "subscription_id": "340ce909-e132-4535-abbd-21f5b5f772da"
          },
          "private": "eyJlMmJmYjczMC1lY2FhLTExZTYtOGY4OC0zNDM2M2JjN2M0YzAiOnsiY3JlYXRlIjoxODAwMDAwMDAwMDAwLCJkZWxldGUiOjE4MDAwMDAwMDAwMDAsInJlYWQiOjMwMDAwMDAwMDAwMCwidXBkYXRlIjoxODAwMDAwMDAwMDAwfX0=",
          "dependencies": [
            "azurerm_resource_group.res_group_AK1"
          ]
        }
      ]
    }
  ],
  "check_results": null
}
