{
  "version": 4,
  "terraform_version": "1.14.7",
  "serial": 718,
  "lineage": "5b9a654b-c781-f05b-2bbf-2164dc4b5d28",
  "outputs": {},
  "resources": [
    {
      "module": "module.NetSecurityGroup",
      "mode": "managed",
      "type": "azurerm_network_security_group",
      "name": "NetSecGroup",
      "provider": "provider[\"registry.terraform.io/hashicorp/azurerm\"]",
      "instances": [
        {
          "schema_version": 0,
          "attributes": {
            "id": "/subscriptions/340ce909-e132-4535-abbd-21f5b5f772da/resourceGroups/RG_AK2/providers/Microsoft.Network/networkSecurityGroups/AK2_SG",
            "location": "norwayeast",
            "name": "AK2_SG",
            "resource_group_name": "RG_AK2",
            "security_rule": [
              {
                "access": "Allow",
                "description": "",
                "destination_address_prefix": "*",
                "destination_address_prefixes": [],
                "destination_application_security_group_ids": [],
                "destination_port_range": "22",
                "destination_port_ranges": [],
                "direction": "Inbound",
                "name": "Allow-SSH",
                "priority": 100,
                "protocol": "Tcp",
                "source_address_prefix": "10.200.200.0/24",
                "source_address_prefixes": [],
                "source_application_security_group_ids": [],
                "source_port_range": "*",
                "source_port_ranges": []
              },
              {
                "access": "Allow",
                "description": "",
                "destination_address_prefix": "*",
                "destination_address_prefixes": [],
                "destination_application_security_group_ids": [],
                "destination_port_range": "443",
                "destination_port_ranges": [],
                "direction": "Inbound",
                "name": "Allow-HTTPS",
                "priority": 120,
                "protocol": "Tcp",
                "source_address_prefix": "*",
                "source_address_prefixes": [],
                "source_application_security_group_ids": [],
                "source_port_range": "*",
                "source_port_ranges": []
              },
              {
                "access": "Allow",
                "description": "",
                "destination_address_prefix": "*",
                "destination_address_prefixes": [],
                "destination_application_security_group_ids": [],
                "destination_port_range": "80",
                "destination_port_ranges": [],
                "direction": "Inbound",
                "name": "Allow-HTTP",
                "priority": 110,
                "protocol": "Tcp",
                "source_address_prefix": "*",
                "source_address_prefixes": [],
                "source_application_security_group_ids": [],
                "source_port_range": "*",
                "source_port_ranges": []
              }
            ],
            "tags": {},
            "timeouts": null
          },
          "sensitive_attributes": [],
          "identity_schema_version": 0,
          "identity": {
            "name": "AK2_SG",
            "resource_group_name": "RG_AK2",
            "subscription_id": "340ce909-e132-4535-abbd-21f5b5f772da"
          },
          "private": "eyJlMmJmYjczMC1lY2FhLTExZTYtOGY4OC0zNDM2M2JjN2M0YzAiOnsiY3JlYXRlIjoxODAwMDAwMDAwMDAwLCJkZWxldGUiOjE4MDAwMDAwMDAwMDAsInJlYWQiOjMwMDAwMDAwMDAwMCwidXBkYXRlIjoxODAwMDAwMDAwMDAwfX0=",
          "dependencies": [
            "module.nettverk.azurerm_public_ip.public_ip",
            "module.nettverk.azurerm_subnet.vnet1_subnet",
            "module.nettverk.azurerm_virtual_network.vnet_1",
            "module.nettverk.azurerm_virtual_network_peering.existing_to_new",
            "module.nettverk.azurerm_virtual_network_peering.new_to_existing",
            "module.nettverk.data.azurerm_virtual_network.Ansible_net",
            "module.ressurs_gruppe.azurerm_resource_group.res_group"
          ]
        }
      ]
    },
    {
      "module": "module.loadbalancer",
      "mode": "managed",
      "type": "azurerm_lb",
      "name": "LB",
      "provider": "provider[\"registry.terraform.io/hashicorp/azurerm\"]",
      "instances": [
        {
          "schema_version": 0,
          "attributes": {
            "edge_zone": "",
            "frontend_ip_configuration": [
              {
                "gateway_load_balancer_frontend_ip_configuration_id": "",
                "id": "/subscriptions/340ce909-e132-4535-abbd-21f5b5f772da/resourceGroups/RG_AK2/providers/Microsoft.Network/loadBalancers/AK2_LB/frontendIPConfigurations/FrontendIP",
                "inbound_nat_rules": [],
                "load_balancer_rules": [
                  "/subscriptions/340ce909-e132-4535-abbd-21f5b5f772da/resourceGroups/RG_AK2/providers/Microsoft.Network/loadBalancers/AK2_LB/loadBalancingRules/LB_rule"
                ],
                "name": "FrontendIP",
                "outbound_rules": [],
                "private_ip_address": "",
                "private_ip_address_allocation": "Dynamic",
                "private_ip_address_version": "",
                "public_ip_address_id": "/subscriptions/340ce909-e132-4535-abbd-21f5b5f772da/resourceGroups/RG_AK2/providers/Microsoft.Network/publicIPAddresses/LB_publicIP",
                "public_ip_prefix_id": "",
                "subnet_id": "",
                "zones": []
              }
            ],
            "id": "/subscriptions/340ce909-e132-4535-abbd-21f5b5f772da/resourceGroups/RG_AK2/providers/Microsoft.Network/loadBalancers/AK2_LB",
            "location": "norwayeast",
            "name": "AK2_LB",
            "private_ip_address": "",
            "private_ip_addresses": [],
            "public_ip_address_id": null,
            "resource_group_name": "RG_AK2",
            "sku": "Standard",
            "sku_tier": "Regional",
            "subnet_id": null,
            "tags": {},
            "timeouts": null
          },
          "sensitive_attributes": [],
          "identity_schema_version": 0,
          "private": "eyJlMmJmYjczMC1lY2FhLTExZTYtOGY4OC0zNDM2M2JjN2M0YzAiOnsiY3JlYXRlIjoxODAwMDAwMDAwMDAwLCJkZWxldGUiOjE4MDAwMDAwMDAwMDAsInJlYWQiOjMwMDAwMDAwMDAwMCwidXBkYXRlIjoxODAwMDAwMDAwMDAwfX0=",
          "dependencies": [
            "module.nettverk.azurerm_public_ip.public_ip",
            "module.nettverk.azurerm_subnet.vnet1_subnet",
            "module.nettverk.azurerm_virtual_network.vnet_1",
            "module.nettverk.azurerm_virtual_network_peering.existing_to_new",
            "module.nettverk.azurerm_virtual_network_peering.new_to_existing",
            "module.nettverk.data.azurerm_virtual_network.Ansible_net",
            "module.ressurs_gruppe.azurerm_resource_group.res_group"
          ]
        }
      ]
    },
    {
      "module": "module.loadbalancer",
      "mode": "managed",
      "type": "azurerm_lb_backend_address_pool",
      "name": "bepool",
      "provider": "provider[\"registry.terraform.io/hashicorp/azurerm\"]",
      "instances": [
        {
          "schema_version": 0,
          "attributes": {
            "backend_ip_configurations": [
              "/subscriptions/340ce909-e132-4535-abbd-21f5b5f772da/resourceGroups/RG_AK2/providers/Microsoft.Network/networkInterfaces/VM_nic1/ipConfigurations/IPconf",
              "/subscriptions/340ce909-e132-4535-abbd-21f5b5f772da/resourceGroups/RG_AK2/providers/Microsoft.Network/networkInterfaces/VM_nic2/ipConfigurations/IPconf"
            ],
            "id": "/subscriptions/340ce909-e132-4535-abbd-21f5b5f772da/resourceGroups/RG_AK2/providers/Microsoft.Network/loadBalancers/AK2_LB/backendAddressPools/BE_pool",
            "inbound_nat_rules": [],
            "load_balancing_rules": [
              "/subscriptions/340ce909-e132-4535-abbd-21f5b5f772da/resourceGroups/RG_AK2/providers/Microsoft.Network/loadBalancers/AK2_LB/loadBalancingRules/LB_rule"
            ],
            "loadbalancer_id": "/subscriptions/340ce909-e132-4535-abbd-21f5b5f772da/resourceGroups/RG_AK2/providers/Microsoft.Network/loadBalancers/AK2_LB",
            "name": "BE_pool",
            "outbound_rules": [],
            "synchronous_mode": "",
            "timeouts": null,
            "tunnel_interface": [],
            "virtual_network_id": ""
          },
          "sensitive_attributes": [],
          "identity_schema_version": 0,
          "private": "eyJlMmJmYjczMC1lY2FhLTExZTYtOGY4OC0zNDM2M2JjN2M0YzAiOnsiY3JlYXRlIjoxODAwMDAwMDAwMDAwLCJkZWxldGUiOjE4MDAwMDAwMDAwMDAsInJlYWQiOjMwMDAwMDAwMDAwMCwidXBkYXRlIjoxODAwMDAwMDAwMDAwfX0=",
          "dependencies": [
            "module.loadbalancer.azurerm_lb.LB",
            "module.nettverk.azurerm_public_ip.public_ip",
            "module.nettverk.azurerm_subnet.vnet1_subnet",
            "module.nettverk.azurerm_virtual_network.vnet_1",
            "module.nettverk.azurerm_virtual_network_peering.existing_to_new",
            "module.nettverk.azurerm_virtual_network_peering.new_to_existing",
            "module.nettverk.data.azurerm_virtual_network.Ansible_net",
            "module.ressurs_gruppe.azurerm_resource_group.res_group"
          ]
        }
      ]
    },
    {
      "module": "module.loadbalancer",
      "mode": "managed",
      "type": "azurerm_lb_nat_pool",
      "name": "ssh_nat_pool",
      "provider": "provider[\"registry.terraform.io/hashicorp/azurerm\"]",
      "instances": [
        {
          "schema_version": 0,
          "attributes": {
            "backend_port": 22,
            "floating_ip_enabled": false,
            "frontend_ip_configuration_id": "/subscriptions/340ce909-e132-4535-abbd-21f5b5f772da/resourceGroups/RG_AK2/providers/Microsoft.Network/loadBalancers/AK2_LB/frontendIPConfigurations/FrontendIP",
            "frontend_ip_configuration_name": "FrontendIP",
            "frontend_port_end": 50119,
            "frontend_port_start": 50000,
            "id": "/subscriptions/340ce909-e132-4535-abbd-21f5b5f772da/resourceGroups/RG_AK2/providers/Microsoft.Network/loadBalancers/AK2_LB/inboundNatPools/ssh_natpool",
            "idle_timeout_in_minutes": 4,
            "loadbalancer_id": "/subscriptions/340ce909-e132-4535-abbd-21f5b5f772da/resourceGroups/RG_AK2/providers/Microsoft.Network/loadBalancers/AK2_LB",
            "name": "ssh_natpool",
            "protocol": "Tcp",
            "resource_group_name": "RG_AK2",
            "tcp_reset_enabled": false,
            "timeouts": null
          },
          "sensitive_attributes": [],
          "identity_schema_version": 0,
          "private": "eyJlMmJmYjczMC1lY2FhLTExZTYtOGY4OC0zNDM2M2JjN2M0YzAiOnsiY3JlYXRlIjoxODAwMDAwMDAwMDAwLCJkZWxldGUiOjE4MDAwMDAwMDAwMDAsInJlYWQiOjMwMDAwMDAwMDAwMCwidXBkYXRlIjoxODAwMDAwMDAwMDAwfX0=",
          "dependencies": [
            "module.loadbalancer.azurerm_lb.LB",
            "module.nettverk.azurerm_public_ip.public_ip",
            "module.nettverk.azurerm_subnet.vnet1_subnet",
            "module.nettverk.azurerm_virtual_network.vnet_1",
            "module.nettverk.azurerm_virtual_network_peering.existing_to_new",
            "module.nettverk.azurerm_virtual_network_peering.new_to_existing",
            "module.nettverk.data.azurerm_virtual_network.Ansible_net",
            "module.ressurs_gruppe.azurerm_resource_group.res_group"
          ]
        }
      ]
    },
    {
      "module": "module.loadbalancer",
      "mode": "managed",
      "type": "azurerm_lb_probe",
      "name": "probe",
      "provider": "provider[\"registry.terraform.io/hashicorp/azurerm\"]",
      "instances": [
        {
          "schema_version": 0,
          "attributes": {
            "id": "/subscriptions/340ce909-e132-4535-abbd-21f5b5f772da/resourceGroups/RG_AK2/providers/Microsoft.Network/loadBalancers/AK2_LB/probes/http_probe",
            "interval_in_seconds": 15,
            "load_balancer_rules": [
              "/subscriptions/340ce909-e132-4535-abbd-21f5b5f772da/resourceGroups/RG_AK2/providers/Microsoft.Network/loadBalancers/AK2_LB/loadBalancingRules/LB_rule"
            ],
            "loadbalancer_id": "/subscriptions/340ce909-e132-4535-abbd-21f5b5f772da/resourceGroups/RG_AK2/providers/Microsoft.Network/loadBalancers/AK2_LB",
            "name": "http_probe",
            "number_of_probes": 2,
            "port": 80,
            "probe_threshold": 1,
            "protocol": "Tcp",
            "request_path": "",
            "timeouts": null
          },
          "sensitive_attributes": [],
          "identity_schema_version": 0,
          "private": "eyJlMmJmYjczMC1lY2FhLTExZTYtOGY4OC0zNDM2M2JjN2M0YzAiOnsiY3JlYXRlIjoxODAwMDAwMDAwMDAwLCJkZWxldGUiOjE4MDAwMDAwMDAwMDAsInJlYWQiOjMwMDAwMDAwMDAwMCwidXBkYXRlIjoxODAwMDAwMDAwMDAwfX0=",
          "dependencies": [
            "module.loadbalancer.azurerm_lb.LB",
            "module.nettverk.azurerm_public_ip.public_ip",
            "module.nettverk.azurerm_subnet.vnet1_subnet",
            "module.nettverk.azurerm_virtual_network.vnet_1",
            "module.nettverk.azurerm_virtual_network_peering.existing_to_new",
            "module.nettverk.azurerm_virtual_network_peering.new_to_existing",
            "module.nettverk.data.azurerm_virtual_network.Ansible_net",
            "module.ressurs_gruppe.azurerm_resource_group.res_group"
          ]
        }
      ]
    },
    {
      "module": "module.loadbalancer",
      "mode": "managed",
      "type": "azurerm_lb_rule",
      "name": "LBrule",
      "provider": "provider[\"registry.terraform.io/hashicorp/azurerm\"]",
      "instances": [
        {
          "schema_version": 0,
          "attributes": {
            "backend_address_pool_ids": [
              "/subscriptions/340ce909-e132-4535-abbd-21f5b5f772da/resourceGroups/RG_AK2/providers/Microsoft.Network/loadBalancers/AK2_LB/backendAddressPools/BE_pool"
            ],
            "backend_port": 80,
            "disable_outbound_snat": false,
            "enable_floating_ip": false,
            "enable_tcp_reset": false,
            "floating_ip_enabled": false,
            "frontend_ip_configuration_id": "/subscriptions/340ce909-e132-4535-abbd-21f5b5f772da/resourceGroups/RG_AK2/providers/Microsoft.Network/loadBalancers/AK2_LB/frontendIPConfigurations/FrontendIP",
            "frontend_ip_configuration_name": "FrontendIP",
            "frontend_port": 80,
            "id": "/subscriptions/340ce909-e132-4535-abbd-21f5b5f772da/resourceGroups/RG_AK2/providers/Microsoft.Network/loadBalancers/AK2_LB/loadBalancingRules/LB_rule",
            "idle_timeout_in_minutes": 4,
            "load_distribution": "Default",
            "loadbalancer_id": "/subscriptions/340ce909-e132-4535-abbd-21f5b5f772da/resourceGroups/RG_AK2/providers/Microsoft.Network/loadBalancers/AK2_LB",
            "name": "LB_rule",
            "probe_id": "/subscriptions/340ce909-e132-4535-abbd-21f5b5f772da/resourceGroups/RG_AK2/providers/Microsoft.Network/loadBalancers/AK2_LB/probes/http_probe",
            "protocol": "Tcp",
            "tcp_reset_enabled": false,
            "timeouts": null
          },
          "sensitive_attributes": [],
          "identity_schema_version": 0,
          "private": "eyJlMmJmYjczMC1lY2FhLTExZTYtOGY4OC0zNDM2M2JjN2M0YzAiOnsiY3JlYXRlIjoxODAwMDAwMDAwMDAwLCJkZWxldGUiOjE4MDAwMDAwMDAwMDAsInJlYWQiOjMwMDAwMDAwMDAwMCwidXBkYXRlIjoxODAwMDAwMDAwMDAwfX0=",
          "dependencies": [
            "module.loadbalancer.azurerm_lb.LB",
            "module.loadbalancer.azurerm_lb_backend_address_pool.bepool",
            "module.loadbalancer.azurerm_lb_probe.probe",
            "module.nettverk.azurerm_public_ip.public_ip",
            "module.nettverk.azurerm_subnet.vnet1_subnet",
            "module.nettverk.azurerm_virtual_network.vnet_1",
            "module.nettverk.azurerm_virtual_network_peering.existing_to_new",
            "module.nettverk.azurerm_virtual_network_peering.new_to_existing",
            "module.nettverk.data.azurerm_virtual_network.Ansible_net",
            "module.ressurs_gruppe.azurerm_resource_group.res_group"
          ]
        }
      ]
    },
    {
      "module": "module.nettverk",
      "mode": "data",
      "type": "azurerm_virtual_network",
      "name": "Ansible_net",
      "provider": "provider[\"registry.terraform.io/hashicorp/azurerm\"]",
      "instances": [
        {
          "schema_version": 0,
          "attributes": {
            "address_space": [
              "10.200.200.0/24"
            ],
            "dns_servers": null,
            "guid": "eeae1006-5e4f-40a1-b9cc-f0e0dcff6ae2",
            "id": "/subscriptions/340ce909-e132-4535-abbd-21f5b5f772da/resourceGroups/RG_Ansible/providers/Microsoft.Network/virtualNetworks/Net_Ansible",
            "location": "norwayeast",
            "name": "Net_Ansible",
            "resource_group_name": "RG_Ansible",
            "subnets": [
              "default"
            ],
            "tags": {},
            "timeouts": null,
            "vnet_peerings": {
              "PlisFunger": "/subscriptions/340ce909-e132-4535-abbd-21f5b5f772da/resourceGroups/RG_AK2/providers/Microsoft.Network/virtualNetworks/AK2_Net"
            },
            "vnet_peerings_addresses": [
              "192.168.1.0/24"
            ]
          },
          "sensitive_attributes": [],
          "identity_schema_version": 0
        }
      ]
    },
    {
      "module": "module.nettverk",
      "mode": "managed",
      "type": "azurerm_public_ip",
      "name": "public_ip",
      "provider": "provider[\"registry.terraform.io/hashicorp/azurerm\"]",
      "instances": [
        {
          "schema_version": 0,
          "attributes": {
            "allocation_method": "Static",
            "ddos_protection_mode": "VirtualNetworkInherited",
            "ddos_protection_plan_id": null,
            "domain_name_label": null,
            "domain_name_label_scope": null,
            "edge_zone": "",
            "fqdn": null,
            "id": "/subscriptions/340ce909-e132-4535-abbd-21f5b5f772da/resourceGroups/RG_AK2/providers/Microsoft.Network/publicIPAddresses/LB_publicIP",
            "idle_timeout_in_minutes": 4,
            "ip_address": "20.251.113.163",
            "ip_tags": {},
            "ip_version": "IPv4",
            "location": "norwayeast",
            "name": "LB_publicIP",
            "public_ip_prefix_id": null,
            "resource_group_name": "RG_AK2",
            "reverse_fqdn": null,
            "sku": "Standard",
            "sku_tier": "Regional",
            "tags": {},
            "timeouts": null,
            "zones": []
          },
          "sensitive_attributes": [],
          "identity_schema_version": 0,
          "identity": {
            "name": "LB_publicIP",
            "resource_group_name": "RG_AK2",
            "subscription_id": "340ce909-e132-4535-abbd-21f5b5f772da"
          },
          "private": "eyJlMmJmYjczMC1lY2FhLTExZTYtOGY4OC0zNDM2M2JjN2M0YzAiOnsiY3JlYXRlIjoxODAwMDAwMDAwMDAwLCJkZWxldGUiOjE4MDAwMDAwMDAwMDAsInJlYWQiOjMwMDAwMDAwMDAwMCwidXBkYXRlIjoxODAwMDAwMDAwMDAwfX0=",
          "dependencies": [
            "module.ressurs_gruppe.azurerm_resource_group.res_group"
          ]
        }
      ]
    },
    {
      "module": "module.nettverk",
      "mode": "managed",
      "type": "azurerm_subnet",
      "name": "vnet1_subnet",
      "provider": "provider[\"registry.terraform.io/hashicorp/azurerm\"]",
      "instances": [
        {
          "index_key": 0,
          "schema_version": 0,
          "attributes": {
            "address_prefixes": [
              "192.168.1.0/25"
            ],
            "default_outbound_access_enabled": true,
            "delegation": [],
            "id": "/subscriptions/340ce909-e132-4535-abbd-21f5b5f772da/resourceGroups/RG_AK2/providers/Microsoft.Network/virtualNetworks/AK2_Net/subnets/AK2_SNet1",
            "ip_address_pool": [],
            "name": "AK2_SNet1",
            "private_endpoint_network_policies": "Disabled",
            "private_link_service_network_policies_enabled": true,
            "resource_group_name": "RG_AK2",
            "service_endpoint_policy_ids": [],
            "service_endpoints": [],
            "sharing_scope": "",
            "timeouts": null,
            "virtual_network_name": "AK2_Net"
          },
          "sensitive_attributes": [],
          "identity_schema_version": 0,
          "identity": {
            "name": "AK2_SNet1",
            "resource_group_name": "RG_AK2",
            "subscription_id": "340ce909-e132-4535-abbd-21f5b5f772da",
            "virtual_network_name": "AK2_Net"
          },
          "private": "eyJlMmJmYjczMC1lY2FhLTExZTYtOGY4OC0zNDM2M2JjN2M0YzAiOnsiY3JlYXRlIjoxODAwMDAwMDAwMDAwLCJkZWxldGUiOjE4MDAwMDAwMDAwMDAsInJlYWQiOjMwMDAwMDAwMDAwMCwidXBkYXRlIjoxODAwMDAwMDAwMDAwfX0=",
          "dependencies": [
            "module.nettverk.azurerm_virtual_network.vnet_1",
            "module.ressurs_gruppe.azurerm_resource_group.res_group"
          ]
        },
        {
          "index_key": 1,
          "schema_version": 0,
          "attributes": {
            "address_prefixes": [
              "192.168.1.128/25"
            ],
            "default_outbound_access_enabled": true,
            "delegation": [],
            "id": "/subscriptions/340ce909-e132-4535-abbd-21f5b5f772da/resourceGroups/RG_AK2/providers/Microsoft.Network/virtualNetworks/AK2_Net/subnets/AK2_SNet2",
            "ip_address_pool": [],
            "name": "AK2_SNet2",
            "private_endpoint_network_policies": "Disabled",
            "private_link_service_network_policies_enabled": true,
            "resource_group_name": "RG_AK2",
            "service_endpoint_policy_ids": [],
            "service_endpoints": [],
            "sharing_scope": "",
            "timeouts": null,
            "virtual_network_name": "AK2_Net"
          },
          "sensitive_attributes": [],
          "identity_schema_version": 0,
          "identity": {
            "name": "AK2_SNet2",
            "resource_group_name": "RG_AK2",
            "subscription_id": "340ce909-e132-4535-abbd-21f5b5f772da",
            "virtual_network_name": "AK2_Net"
          },
          "private": "eyJlMmJmYjczMC1lY2FhLTExZTYtOGY4OC0zNDM2M2JjN2M0YzAiOnsiY3JlYXRlIjoxODAwMDAwMDAwMDAwLCJkZWxldGUiOjE4MDAwMDAwMDAwMDAsInJlYWQiOjMwMDAwMDAwMDAwMCwidXBkYXRlIjoxODAwMDAwMDAwMDAwfX0=",
          "dependencies": [
            "module.nettverk.azurerm_virtual_network.vnet_1",
            "module.ressurs_gruppe.azurerm_resource_group.res_group"
          ]
        }
      ]
    },
    {
      "module": "module.nettverk",
      "mode": "managed",
      "type": "azurerm_virtual_network",
      "name": "vnet_1",
      "provider": "provider[\"registry.terraform.io/hashicorp/azurerm\"]",
      "instances": [
        {
          "schema_version": 0,
          "attributes": {
            "address_space": [
              "192.168.1.0/24"
            ],
            "bgp_community": "",
            "ddos_protection_plan": [],
            "dns_servers": [],
            "edge_zone": "",
            "encryption": [],
            "flow_timeout_in_minutes": 0,
            "guid": "124b2bf9-1900-4f78-8f56-30c693a032bb",
            "id": "/subscriptions/340ce909-e132-4535-abbd-21f5b5f772da/resourceGroups/RG_AK2/providers/Microsoft.Network/virtualNetworks/AK2_Net",
            "ip_address_pool": [],
            "location": "norwayeast",
            "name": "AK2_Net",
            "private_endpoint_vnet_policies": "Disabled",
            "resource_group_name": "RG_AK2",
            "subnet": [
              {
                "address_prefixes": [
                  "192.168.1.0/25"
                ],
                "default_outbound_access_enabled": true,
                "delegation": [],
                "id": "/subscriptions/340ce909-e132-4535-abbd-21f5b5f772da/resourceGroups/RG_AK2/providers/Microsoft.Network/virtualNetworks/AK2_Net/subnets/AK2_SNet1",
                "name": "AK2_SNet1",
                "private_endpoint_network_policies": "Disabled",
                "private_link_service_network_policies_enabled": true,
                "route_table_id": "",
                "security_group": "/subscriptions/340ce909-e132-4535-abbd-21f5b5f772da/resourceGroups/RG_AK2/providers/Microsoft.Network/networkSecurityGroups/AK2_SG",
                "service_endpoint_policy_ids": [],
                "service_endpoints": []
              },
              {
                "address_prefixes": [
                  "192.168.1.128/25"
                ],
                "default_outbound_access_enabled": true,
                "delegation": [],
                "id": "/subscriptions/340ce909-e132-4535-abbd-21f5b5f772da/resourceGroups/RG_AK2/providers/Microsoft.Network/virtualNetworks/AK2_Net/subnets/AK2_SNet2",
                "name": "AK2_SNet2",
                "private_endpoint_network_policies": "Disabled",
                "private_link_service_network_policies_enabled": true,
                "route_table_id": "",
                "security_group": "",
                "service_endpoint_policy_ids": [],
                "service_endpoints": []
              }
            ],
            "tags": {},
            "timeouts": null
          },
          "sensitive_attributes": [],
          "identity_schema_version": 0,
          "identity": {
            "name": "AK2_Net",
            "resource_group_name": "RG_AK2",
            "subscription_id": "340ce909-e132-4535-abbd-21f5b5f772da"
          },
          "private": "eyJlMmJmYjczMC1lY2FhLTExZTYtOGY4OC0zNDM2M2JjN2M0YzAiOnsiY3JlYXRlIjoxODAwMDAwMDAwMDAwLCJkZWxldGUiOjE4MDAwMDAwMDAwMDAsInJlYWQiOjMwMDAwMDAwMDAwMCwidXBkYXRlIjoxODAwMDAwMDAwMDAwfX0=",
          "dependencies": [
            "module.ressurs_gruppe.azurerm_resource_group.res_group"
          ]
        }
      ]
    },
    {
      "module": "module.nettverk",
      "mode": "managed",
      "type": "azurerm_virtual_network_peering",
      "name": "existing_to_new",
      "provider": "provider[\"registry.terraform.io/hashicorp/azurerm\"]",
      "instances": [
        {
          "schema_version": 0,
          "attributes": {
            "allow_forwarded_traffic": false,
            "allow_gateway_transit": false,
            "allow_virtual_network_access": true,
            "id": "/subscriptions/340ce909-e132-4535-abbd-21f5b5f772da/resourceGroups/RG_Ansible/providers/Microsoft.Network/virtualNetworks/Net_Ansible/virtualNetworkPeerings/PlisFunger",
            "local_subnet_names": [],
            "name": "PlisFunger",
            "only_ipv6_peering_enabled": false,
            "peer_complete_virtual_networks_enabled": true,
            "remote_subnet_names": [],
            "remote_virtual_network_id": "/subscriptions/340ce909-e132-4535-abbd-21f5b5f772da/resourceGroups/RG_AK2/providers/Microsoft.Network/virtualNetworks/AK2_Net",
            "resource_group_name": "RG_Ansible",
            "timeouts": null,
            "triggers": null,
            "use_remote_gateways": false,
            "virtual_network_name": "Net_Ansible"
          },
          "sensitive_attributes": [],
          "identity_schema_version": 0,
          "identity": {
            "name": "PlisFunger",
            "resource_group_name": "RG_Ansible",
            "subscription_id": "340ce909-e132-4535-abbd-21f5b5f772da",
            "virtual_network_name": "Net_Ansible"
          },
          "private": "eyJlMmJmYjczMC1lY2FhLTExZTYtOGY4OC0zNDM2M2JjN2M0YzAiOnsiY3JlYXRlIjoxODAwMDAwMDAwMDAwLCJkZWxldGUiOjE4MDAwMDAwMDAwMDAsInJlYWQiOjMwMDAwMDAwMDAwMCwidXBkYXRlIjoxODAwMDAwMDAwMDAwfX0=",
          "dependencies": [
            "module.nettverk.azurerm_virtual_network.vnet_1",
            "module.ressurs_gruppe.azurerm_resource_group.res_group"
          ]
        }
      ]
    },
    {
      "module": "module.nettverk",
      "mode": "managed",
      "type": "azurerm_virtual_network_peering",
      "name": "new_to_existing",
      "provider": "provider[\"registry.terraform.io/hashicorp/azurerm\"]",
      "instances": [
        {
          "schema_version": 0,
          "attributes": {
            "allow_forwarded_traffic": false,
            "allow_gateway_transit": false,
            "allow_virtual_network_access": true,
            "id": "/subscriptions/340ce909-e132-4535-abbd-21f5b5f772da/resourceGroups/RG_AK2/providers/Microsoft.Network/virtualNetworks/AK2_Net/virtualNetworkPeerings/Peer-nettverka",
            "local_subnet_names": [],
            "name": "Peer-nettverka",
            "only_ipv6_peering_enabled": false,
            "peer_complete_virtual_networks_enabled": true,
            "remote_subnet_names": [],
            "remote_virtual_network_id": "/subscriptions/340ce909-e132-4535-abbd-21f5b5f772da/resourceGroups/RG_Ansible/providers/Microsoft.Network/virtualNetworks/Net_Ansible",
            "resource_group_name": "RG_AK2",
            "timeouts": null,
            "triggers": null,
            "use_remote_gateways": false,
            "virtual_network_name": "AK2_Net"
          },
          "sensitive_attributes": [],
          "identity_schema_version": 0,
          "identity": {
            "name": "Peer-nettverka",
            "resource_group_name": "RG_AK2",
            "subscription_id": "340ce909-e132-4535-abbd-21f5b5f772da",
            "virtual_network_name": "AK2_Net"
          },
          "private": "eyJlMmJmYjczMC1lY2FhLTExZTYtOGY4OC0zNDM2M2JjN2M0YzAiOnsiY3JlYXRlIjoxODAwMDAwMDAwMDAwLCJkZWxldGUiOjE4MDAwMDAwMDAwMDAsInJlYWQiOjMwMDAwMDAwMDAwMCwidXBkYXRlIjoxODAwMDAwMDAwMDAwfX0=",
          "dependencies": [
            "module.nettverk.data.azurerm_virtual_network.Ansible_net",
            "module.ressurs_gruppe.azurerm_resource_group.res_group"
          ]
        }
      ]
    },
    {
      "module": "module.ressurs_gruppe",
      "mode": "managed",
      "type": "azurerm_resource_group",
      "name": "res_group",
      "provider": "provider[\"registry.terraform.io/hashicorp/azurerm\"]",
      "instances": [
        {
          "schema_version": 0,
          "attributes": {
            "id": "/subscriptions/340ce909-e132-4535-abbd-21f5b5f772da/resourceGroups/RG_AK2",
            "location": "norwayeast",
            "managed_by": "",
            "name": "RG_AK2",
            "tags": {},
            "timeouts": null
          },
          "sensitive_attributes": [],
          "identity_schema_version": 0,
          "identity": {
            "name": "RG_AK2",
            "subscription_id": "340ce909-e132-4535-abbd-21f5b5f772da"
          },
          "private": "eyJlMmJmYjczMC1lY2FhLTExZTYtOGY4OC0zNDM2M2JjN2M0YzAiOnsiY3JlYXRlIjo1NDAwMDAwMDAwMDAwLCJkZWxldGUiOjU0MDAwMDAwMDAwMDAsInJlYWQiOjMwMDAwMDAwMDAwMCwidXBkYXRlIjo1NDAwMDAwMDAwMDAwfX0="
        }
      ]
    },
    {
      "module": "module.vm",
      "mode": "managed",
      "type": "azurerm_linux_virtual_machine",
      "name": "VM",
      "provider": "provider[\"registry.terraform.io/hashicorp/azurerm\"]",
      "instances": [
        {
          "index_key": 0,
          "schema_version": 0,
          "attributes": {
            "additional_capabilities": [],
            "admin_password": "Admin123",
            "admin_ssh_key": [],
            "admin_username": "berelv",
            "allow_extension_operations": true,
            "availability_set_id": "",
            "boot_diagnostics": [],
            "bypass_platform_safety_checks_on_user_schedule_enabled": false,
            "capacity_reservation_group_id": "",
            "computer_name": "VM1",
            "custom_data": null,
            "dedicated_host_group_id": "",
            "dedicated_host_id": "",
            "disable_password_authentication": false,
            "disk_controller_type": "SCSI",
            "edge_zone": "",
            "encryption_at_host_enabled": false,
            "eviction_policy": "",
            "extensions_time_budget": "PT1H30M",
            "gallery_application": [],
            "id": "/subscriptions/340ce909-e132-4535-abbd-21f5b5f772da/resourceGroups/RG_AK2/providers/Microsoft.Compute/virtualMachines/VM1",
            "identity": [],
            "license_type": "",
            "location": "norwayeast",
            "max_bid_price": -1,
            "name": "VM1",
            "network_interface_ids": [
              "/subscriptions/340ce909-e132-4535-abbd-21f5b5f772da/resourceGroups/RG_AK2/providers/Microsoft.Network/networkInterfaces/VM_nic1"
            ],
            "os_disk": [
              {
                "caching": "ReadWrite",
                "diff_disk_settings": [],
                "disk_encryption_set_id": "",
                "disk_size_gb": 30,
                "id": "/subscriptions/340ce909-e132-4535-abbd-21f5b5f772da/resourceGroups/RG_AK2/providers/Microsoft.Compute/disks/VM1_OsDisk_1_d121b9c539e549d9be99500cce352f96",
                "name": "VM1_OsDisk_1_d121b9c539e549d9be99500cce352f96",
                "secure_vm_disk_encryption_set_id": "",
                "security_encryption_type": "",
                "storage_account_type": "Standard_LRS",
                "write_accelerator_enabled": false
              }
            ],
            "os_image_notification": [],
            "os_managed_disk_id": "/subscriptions/340ce909-e132-4535-abbd-21f5b5f772da/resourceGroups/RG_AK2/providers/Microsoft.Compute/disks/VM1_OsDisk_1_d121b9c539e549d9be99500cce352f96",
            "patch_assessment_mode": "ImageDefault",
            "patch_mode": "ImageDefault",
            "plan": [],
            "platform_fault_domain": -1,
            "priority": "Regular",
            "private_ip_address": "192.168.1.5",
            "private_ip_addresses": [
              "192.168.1.5"
            ],
            "provision_vm_agent": true,
            "proximity_placement_group_id": "",
            "public_ip_address": "",
            "public_ip_addresses": [],
            "reboot_setting": "",
            "resource_group_name": "RG_AK2",
            "secret": [],
            "secure_boot_enabled": false,
            "size": "Standard_B2ats_v2",
            "source_image_id": "",
            "source_image_reference": [
              {
                "offer": "ubuntu-24_04-lts",
                "publisher": "Canonical",
                "sku": "server",
                "version": "latest"
              }
            ],
            "tags": {},
            "termination_notification": [],
            "timeouts": null,
            "user_data": "",
            "virtual_machine_id": "8b6061dc-f90a-4d28-b032-007cd7ceea91",
            "virtual_machine_scale_set_id": "",
            "vm_agent_platform_updates_enabled": false,
            "vtpm_enabled": false,
            "zone": ""
          },
          "sensitive_attributes": [
            [
              {
                "type": "get_attr",
                "value": "admin_password"
              }
            ],
            [
              {
                "type": "get_attr",
                "value": "custom_data"
              }
            ]
          ],
          "identity_schema_version": 0,
          "private": "eyJlMmJmYjczMC1lY2FhLTExZTYtOGY4OC0zNDM2M2JjN2M0YzAiOnsiY3JlYXRlIjoyNzAwMDAwMDAwMDAwLCJkZWxldGUiOjI3MDAwMDAwMDAwMDAsInJlYWQiOjMwMDAwMDAwMDAwMCwidXBkYXRlIjoyNzAwMDAwMDAwMDAwfX0=",
          "dependencies": [
            "module.loadbalancer.azurerm_lb.LB",
            "module.loadbalancer.azurerm_lb_backend_address_pool.bepool",
            "module.loadbalancer.azurerm_lb_nat_pool.ssh_nat_pool",
            "module.loadbalancer.azurerm_lb_probe.probe",
            "module.loadbalancer.azurerm_lb_rule.LBrule",
            "module.nettverk.azurerm_public_ip.public_ip",
            "module.nettverk.azurerm_subnet.vnet1_subnet",
            "module.nettverk.azurerm_virtual_network.vnet_1",
            "module.nettverk.azurerm_virtual_network_peering.existing_to_new",
            "module.nettverk.azurerm_virtual_network_peering.new_to_existing",
            "module.nettverk.data.azurerm_virtual_network.Ansible_net",
            "module.ressurs_gruppe.azurerm_resource_group.res_group",
            "module.vm.azurerm_network_interface.VM_nic"
          ]
        },
        {
          "index_key": 1,
          "schema_version": 0,
          "attributes": {
            "additional_capabilities": [],
            "admin_password": "Admin123",
            "admin_ssh_key": [],
            "admin_username": "berelv",
            "allow_extension_operations": true,
            "availability_set_id": "",
            "boot_diagnostics": [],
            "bypass_platform_safety_checks_on_user_schedule_enabled": false,
            "capacity_reservation_group_id": "",
            "computer_name": "VM2",
            "custom_data": null,
            "dedicated_host_group_id": "",
            "dedicated_host_id": "",
            "disable_password_authentication": false,
            "disk_controller_type": "SCSI",
            "edge_zone": "",
            "encryption_at_host_enabled": false,
            "eviction_policy": "",
            "extensions_time_budget": "PT1H30M",
            "gallery_application": [],
            "id": "/subscriptions/340ce909-e132-4535-abbd-21f5b5f772da/resourceGroups/RG_AK2/providers/Microsoft.Compute/virtualMachines/VM2",
            "identity": [],
            "license_type": "",
            "location": "norwayeast",
            "max_bid_price": -1,
            "name": "VM2",
            "network_interface_ids": [
              "/subscriptions/340ce909-e132-4535-abbd-21f5b5f772da/resourceGroups/RG_AK2/providers/Microsoft.Network/networkInterfaces/VM_nic2"
            ],
            "os_disk": [
              {
                "caching": "ReadWrite",
                "diff_disk_settings": [],
                "disk_encryption_set_id": "",
                "disk_size_gb": 30,
                "id": "/subscriptions/340ce909-e132-4535-abbd-21f5b5f772da/resourceGroups/RG_AK2/providers/Microsoft.Compute/disks/VM2_disk1_967a01fa12ce45d5bbe2ddddb01548b5",
                "name": "VM2_disk1_967a01fa12ce45d5bbe2ddddb01548b5",
                "secure_vm_disk_encryption_set_id": "",
                "security_encryption_type": "",
                "storage_account_type": "Standard_LRS",
                "write_accelerator_enabled": false
              }
            ],
            "os_image_notification": [],
            "os_managed_disk_id": "/subscriptions/340ce909-e132-4535-abbd-21f5b5f772da/resourceGroups/RG_AK2/providers/Microsoft.Compute/disks/VM2_disk1_967a01fa12ce45d5bbe2ddddb01548b5",
            "patch_assessment_mode": "ImageDefault",
            "patch_mode": "ImageDefault",
            "plan": [],
            "platform_fault_domain": -1,
            "priority": "Regular",
            "private_ip_address": "192.168.1.4",
            "private_ip_addresses": [
              "192.168.1.4"
            ],
            "provision_vm_agent": true,
            "proximity_placement_group_id": "",
            "public_ip_address": "",
            "public_ip_addresses": [],
            "reboot_setting": "",
            "resource_group_name": "RG_AK2",
            "secret": [],
            "secure_boot_enabled": false,
            "size": "Standard_B2ats_v2",
            "source_image_id": "",
            "source_image_reference": [
              {
                "offer": "ubuntu-24_04-lts",
                "publisher": "Canonical",
                "sku": "server",
                "version": "latest"
              }
            ],
            "tags": {},
            "termination_notification": [],
            "timeouts": null,
            "user_data": "",
            "virtual_machine_id": "67615268-839b-4562-9109-cb425a1ed4a3",
            "virtual_machine_scale_set_id": "",
            "vm_agent_platform_updates_enabled": false,
            "vtpm_enabled": false,
            "zone": ""
          },
          "sensitive_attributes": [
            [
              {
                "type": "get_attr",
                "value": "admin_password"
              }
            ],
            [
              {
                "type": "get_attr",
                "value": "custom_data"
              }
            ]
          ],
          "identity_schema_version": 0,
          "private": "eyJlMmJmYjczMC1lY2FhLTExZTYtOGY4OC0zNDM2M2JjN2M0YzAiOnsiY3JlYXRlIjoyNzAwMDAwMDAwMDAwLCJkZWxldGUiOjI3MDAwMDAwMDAwMDAsInJlYWQiOjMwMDAwMDAwMDAwMCwidXBkYXRlIjoyNzAwMDAwMDAwMDAwfX0=",
          "dependencies": [
            "module.loadbalancer.azurerm_lb.LB",
            "module.loadbalancer.azurerm_lb_backend_address_pool.bepool",
            "module.loadbalancer.azurerm_lb_nat_pool.ssh_nat_pool",
            "module.loadbalancer.azurerm_lb_probe.probe",
            "module.loadbalancer.azurerm_lb_rule.LBrule",
            "module.nettverk.azurerm_public_ip.public_ip",
            "module.nettverk.azurerm_subnet.vnet1_subnet",
            "module.nettverk.azurerm_virtual_network.vnet_1",
            "module.nettverk.azurerm_virtual_network_peering.existing_to_new",
            "module.nettverk.azurerm_virtual_network_peering.new_to_existing",
            "module.nettverk.data.azurerm_virtual_network.Ansible_net",
            "module.ressurs_gruppe.azurerm_resource_group.res_group",
            "module.vm.azurerm_network_interface.VM_nic"
          ]
        }
      ]
    },
    {
      "module": "module.vm",
      "mode": "managed",
      "type": "azurerm_network_interface",
      "name": "VM_nic",
      "provider": "provider[\"registry.terraform.io/hashicorp/azurerm\"]",
      "instances": [
        {
          "index_key": 0,
          "schema_version": 0,
          "attributes": {
            "accelerated_networking_enabled": false,
            "applied_dns_servers": [],
            "auxiliary_mode": "",
            "auxiliary_sku": "",
            "dns_servers": [],
            "edge_zone": "",
            "id": "/subscriptions/340ce909-e132-4535-abbd-21f5b5f772da/resourceGroups/RG_AK2/providers/Microsoft.Network/networkInterfaces/VM_nic1",
            "internal_dns_name_label": "",
            "internal_domain_name_suffix": "5evuweqadf2e5d0wgddjhibsxd.oslx.internal.cloudapp.net",
            "ip_configuration": [
              {
                "gateway_load_balancer_frontend_ip_configuration_id": "",
                "name": "IPconf",
                "primary": true,
                "private_ip_address": "192.168.1.5",
                "private_ip_address_allocation": "Dynamic",
                "private_ip_address_version": "IPv4",
                "public_ip_address_id": "",
                "subnet_id": "/subscriptions/340ce909-e132-4535-abbd-21f5b5f772da/resourceGroups/RG_AK2/providers/Microsoft.Network/virtualNetworks/AK2_Net/subnets/AK2_SNet1"
              }
            ],
            "ip_forwarding_enabled": false,
            "location": "norwayeast",
            "mac_address": "7C-ED-8D-AF-99-91",
            "name": "VM_nic1",
            "private_ip_address": "192.168.1.5",
            "private_ip_addresses": [
              "192.168.1.5"
            ],
            "resource_group_name": "RG_AK2",
            "tags": {},
            "timeouts": null,
            "virtual_machine_id": "/subscriptions/340ce909-e132-4535-abbd-21f5b5f772da/resourceGroups/RG_AK2/providers/Microsoft.Compute/virtualMachines/VM1"
          },
          "sensitive_attributes": [],
          "identity_schema_version": 0,
          "identity": {
            "name": "VM_nic1",
            "resource_group_name": "RG_AK2",
            "subscription_id": "340ce909-e132-4535-abbd-21f5b5f772da"
          },
          "private": "eyJlMmJmYjczMC1lY2FhLTExZTYtOGY4OC0zNDM2M2JjN2M0YzAiOnsiY3JlYXRlIjoxODAwMDAwMDAwMDAwLCJkZWxldGUiOjE4MDAwMDAwMDAwMDAsInJlYWQiOjMwMDAwMDAwMDAwMCwidXBkYXRlIjoxODAwMDAwMDAwMDAwfX0=",
          "dependencies": [
            "module.loadbalancer.azurerm_lb.LB",
            "module.loadbalancer.azurerm_lb_backend_address_pool.bepool",
            "module.loadbalancer.azurerm_lb_nat_pool.ssh_nat_pool",
            "module.loadbalancer.azurerm_lb_probe.probe",
            "module.loadbalancer.azurerm_lb_rule.LBrule",
            "module.nettverk.azurerm_public_ip.public_ip",
            "module.nettverk.azurerm_subnet.vnet1_subnet",
            "module.nettverk.azurerm_virtual_network.vnet_1",
            "module.nettverk.azurerm_virtual_network_peering.existing_to_new",
            "module.nettverk.azurerm_virtual_network_peering.new_to_existing",
            "module.nettverk.data.azurerm_virtual_network.Ansible_net",
            "module.ressurs_gruppe.azurerm_resource_group.res_group"
          ]
        },
        {
          "index_key": 1,
          "schema_version": 0,
          "attributes": {
            "accelerated_networking_enabled": false,
            "applied_dns_servers": [],
            "auxiliary_mode": "",
            "auxiliary_sku": "",
            "dns_servers": [],
            "edge_zone": "",
            "id": "/subscriptions/340ce909-e132-4535-abbd-21f5b5f772da/resourceGroups/RG_AK2/providers/Microsoft.Network/networkInterfaces/VM_nic2",
            "internal_dns_name_label": "",
            "internal_domain_name_suffix": "5evuweqadf2e5d0wgddjhibsxd.oslx.internal.cloudapp.net",
            "ip_configuration": [
              {
                "gateway_load_balancer_frontend_ip_configuration_id": "",
                "name": "IPconf",
                "primary": true,
                "private_ip_address": "192.168.1.4",
                "private_ip_address_allocation": "Dynamic",
                "private_ip_address_version": "IPv4",
                "public_ip_address_id": "",
                "subnet_id": "/subscriptions/340ce909-e132-4535-abbd-21f5b5f772da/resourceGroups/RG_AK2/providers/Microsoft.Network/virtualNetworks/AK2_Net/subnets/AK2_SNet1"
              }
            ],
            "ip_forwarding_enabled": false,
            "location": "norwayeast",
            "mac_address": "60-45-BD-C6-D1-58",
            "name": "VM_nic2",
            "private_ip_address": "192.168.1.4",
            "private_ip_addresses": [
              "192.168.1.4"
            ],
            "resource_group_name": "RG_AK2",
            "tags": {},
            "timeouts": null,
            "virtual_machine_id": "/subscriptions/340ce909-e132-4535-abbd-21f5b5f772da/resourceGroups/RG_AK2/providers/Microsoft.Compute/virtualMachines/VM2"
          },
          "sensitive_attributes": [],
          "identity_schema_version": 0,
          "identity": {
            "name": "VM_nic2",
            "resource_group_name": "RG_AK2",
            "subscription_id": "340ce909-e132-4535-abbd-21f5b5f772da"
          },
          "private": "eyJlMmJmYjczMC1lY2FhLTExZTYtOGY4OC0zNDM2M2JjN2M0YzAiOnsiY3JlYXRlIjoxODAwMDAwMDAwMDAwLCJkZWxldGUiOjE4MDAwMDAwMDAwMDAsInJlYWQiOjMwMDAwMDAwMDAwMCwidXBkYXRlIjoxODAwMDAwMDAwMDAwfX0=",
          "dependencies": [
            "module.loadbalancer.azurerm_lb.LB",
            "module.loadbalancer.azurerm_lb_backend_address_pool.bepool",
            "module.loadbalancer.azurerm_lb_nat_pool.ssh_nat_pool",
            "module.loadbalancer.azurerm_lb_probe.probe",
            "module.loadbalancer.azurerm_lb_rule.LBrule",
            "module.nettverk.azurerm_public_ip.public_ip",
            "module.nettverk.azurerm_subnet.vnet1_subnet",
            "module.nettverk.azurerm_virtual_network.vnet_1",
            "module.nettverk.azurerm_virtual_network_peering.existing_to_new",
            "module.nettverk.azurerm_virtual_network_peering.new_to_existing",
            "module.nettverk.data.azurerm_virtual_network.Ansible_net",
            "module.ressurs_gruppe.azurerm_resource_group.res_group"
          ]
        }
      ]
    }
  ],
  "check_results": null
}
